
Microsoft Visual Studio Solution File, Format Version 12.00
# Visual Studio Version 17
VisualStudioVersion = 17.0.32112.339
MinimumVisualStudioVersion = 10.0.40219.1
Project("{6EC3EE1D-3C4E-46DD-8F32-0CC8E7565705}") = "Campaign", "Campaign\Campaign.fsproj", "{CDAFF307-1FCE-40E7-AE1E-FD4A813D1BCA}"
EndProject
Project("{6EC3EE1D-3C4E-46DD-8F32-0CC8E7565705}") = "Blocks", "Blocks\Blocks.fsproj", "{6F0BE45C-721F-49FB-BFDA-73EB7A6D07BA}"
EndProject
Project("{6EC3EE1D-3C4E-46DD-8F32-0CC8E7565705}") = "RoadExtractor", "RoadExtractor\RoadExtractor.fsproj", "{6CA030A9-8D59-489C-BF41-C737A3D46ED9}"
EndProject
Project("{6EC3EE1D-3C4E-46DD-8F32-0CC8E7565705}") = "WebController", "WebController\WebController.fsproj", "{3CE167AA-CD2B-41EE-9B78-134176933834}"
EndProject
Project("{6EC3EE1D-3C4E-46DD-8F32-0CC8E7565705}") = "FreeAreas", "FreeAreas\FreeAreas.fsproj", "{DD3FA1E7-A0C9-49D1-8DA2-9FC766C138B0}"
EndProject
Project("{6EC3EE1D-3C4E-46DD-8F32-0CC8E7565705}") = "FitArea", "FitArea\FitArea.fsproj", "{7F3C641D-941E-4D87-96EB-5130CEB0DA2A}"
EndProject
Project("{6EC3EE1D-3C4E-46DD-8F32-0CC8E7565705}") = "GroupInstantiator", "GroupInstantiator\GroupInstantiator.fsproj", "{479599C0-4192-4DB7-AD0A-21B9C0B9EE5A}"
EndProject
Project("{6EC3EE1D-3C4E-46DD-8F32-0CC8E7565705}") = "Util", "Util\Util.fsproj", "{1B5F58AD-EBD9-479D-A29F-DB641FC38813}"
EndProject
Project("{6EC3EE1D-3C4E-46DD-8F32-0CC8E7565705}") = "MissionGen", "MissionGen\MissionGen.fsproj", "{57BFC829-EC42-43EB-A4C5-59FBDD0B3D16}"
EndProject
Project("{6EC3EE1D-3C4E-46DD-8F32-0CC8E7565705}") = "Common", "Common\Common.fsproj", "{5DA86EAA-C320-4BB7-A3A1-BFFBD6853E26}"
EndProject
Project("{6EC3EE1D-3C4E-46DD-8F32-0CC8E7565705}") = "BanEnforcer", "BanEnforcer\BanEnforcer.fsproj", "{110F01D7-1FC9-4B44-9125-8D1769C33A1F}"
EndProject
Project("{6EC3EE1D-3C4E-46DD-8F32-0CC8E7565705}") = "UnitTests", "UnitTests\UnitTests.fsproj", "{9AED0B2C-1052-4FFA-8644-FE9F236A3DF8}"
EndProject
Project("{F2A71F9B-5D33-465A-A702-920D77279786}") = "LoadWatcher", "LoadWatcher\LoadWatcher.fsproj", "{11DC80CA-57A6-481B-A668-AED1EA93092D}"
EndProject
Global
	GlobalSection(SolutionConfigurationPlatforms) = preSolution
		Debug|Any CPU = Debug|Any CPU
		Release|Any CPU = Release|Any CPU
	EndGlobalSection
	GlobalSection(ProjectConfigurationPlatforms) = postSolution
		{CDAFF307-1FCE-40E7-AE1E-FD4A813D1BCA}.Debug|Any CPU.ActiveCfg = Debug|Any CPU
		{CDAFF307-1FCE-40E7-AE1E-FD4A813D1BCA}.Debug|Any CPU.Build.0 = Debug|Any CPU
		{CDAFF307-1FCE-40E7-AE1E-FD4A813D1BCA}.Release|Any CPU.ActiveCfg = Release|Any CPU
		{CDAFF307-1FCE-40E7-AE1E-FD4A813D1BCA}.Release|Any CPU.Build.0 = Release|Any CPU
		{6F0BE45C-721F-49FB-BFDA-73EB7A6D07BA}.Debug|Any CPU.ActiveCfg = Debug|Any CPU
		{6F0BE45C-721F-49FB-BFDA-73EB7A6D07BA}.Debug|Any CPU.Build.0 = Debug|Any CPU
		{6F0BE45C-721F-49FB-BFDA-73EB7A6D07BA}.Release|Any CPU.ActiveCfg = Release|Any CPU
		{6F0BE45C-721F-49FB-BFDA-73EB7A6D07BA}.Release|Any CPU.Build.0 = Release|Any CPU
		{6CA030A9-8D59-489C-BF41-C737A3D46ED9}.Debug|Any CPU.ActiveCfg = Debug|Any CPU
		{6CA030A9-8D59-489C-BF41-C737A3D46ED9}.Debug|Any CPU.Build.0 = Debug|Any CPU
		{6CA030A9-8D59-489C-BF41-C737A3D46ED9}.Release|Any CPU.ActiveCfg = Release|Any CPU
		{6CA030A9-8D59-489C-BF41-C737A3D46ED9}.Release|Any CPU.Build.0 = Release|Any CPU
		{3CE167AA-CD2B-41EE-9B78-134176933834}.Debug|Any CPU.ActiveCfg = Debug|Any CPU
		{3CE167AA-CD2B-41EE-9B78-134176933834}.Debug|Any CPU.Build.0 = Debug|Any CPU
		{3CE167AA-CD2B-41EE-9B78-134176933834}.Release|Any CPU.ActiveCfg = Release|Any CPU
		{3CE167AA-CD2B-41EE-9B78-134176933834}.Release|Any CPU.Build.0 = Release|Any CPU
		{DD3FA1E7-A0C9-49D1-8DA2-9FC766C138B0}.Debug|Any CPU.ActiveCfg = Debug|Any CPU
		{DD3FA1E7-A0C9-49D1-8DA2-9FC766C138B0}.Debug|Any CPU.Build.0 = Debug|Any CPU
		{DD3FA1E7-A0C9-49D1-8DA2-9FC766C138B0}.Release|Any CPU.ActiveCfg = Release|Any CPU
		{DD3FA1E7-A0C9-49D1-8DA2-9FC766C138B0}.Release|Any CPU.Build.0 = Release|Any CPU
		{7F3C641D-941E-4D87-96EB-5130CEB0DA2A}.Debug|Any CPU.ActiveCfg = Debug|Any CPU
		{7F3C641D-941E-4D87-96EB-5130CEB0DA2A}.Debug|Any CPU.Build.0 = Debug|Any CPU
		{7F3C641D-941E-4D87-96EB-5130CEB0DA2A}.Release|Any CPU.ActiveCfg = Release|Any CPU
		{7F3C641D-941E-4D87-96EB-5130CEB0DA2A}.Release|Any CPU.Build.0 = Release|Any CPU
		{479599C0-4192-4DB7-AD0A-21B9C0B9EE5A}.Debug|Any CPU.ActiveCfg = Debug|Any CPU
		{479599C0-4192-4DB7-AD0A-21B9C0B9EE5A}.Debug|Any CPU.Build.0 = Debug|Any CPU
		{479599C0-4192-4DB7-AD0A-21B9C0B9EE5A}.Release|Any CPU.ActiveCfg = Release|Any CPU
		{479599C0-4192-4DB7-AD0A-21B9C0B9EE5A}.Release|Any CPU.Build.0 = Release|Any CPU
		{1B5F58AD-EBD9-479D-A29F-DB641FC38813}.Debug|Any CPU.ActiveCfg = Debug|Any CPU
		{1B5F58AD-EBD9-479D-A29F-DB641FC38813}.Debug|Any CPU.Build.0 = Debug|Any CPU
		{1B5F58AD-EBD9-479D-A29F-DB641FC38813}.Release|Any CPU.ActiveCfg = Release|Any CPU
		{1B5F58AD-EBD9-479D-A29F-DB641FC38813}.Release|Any CPU.Build.0 = Release|Any CPU
		{57BFC829-EC42-43EB-A4C5-59FBDD0B3D16}.Debug|Any CPU.ActiveCfg = Debug|Any CPU
		{57BFC829-EC42-43EB-A4C5-59FBDD0B3D16}.Debug|Any CPU.Build.0 = Debug|Any CPU
		{57BFC829-EC42-43EB-A4C5-59FBDD0B3D16}.Release|Any CPU.ActiveCfg = Release|Any CPU
		{57BFC829-EC42-43EB-A4C5-59FBDD0B3D16}.Release|Any CPU.Build.0 = Release|Any CPU
		{5DA86EAA-C320-4BB7-A3A1-BFFBD6853E26}.Debug|Any CPU.ActiveCfg = Debug|Any CPU
		{5DA86EAA-C320-4BB7-A3A1-BFFBD6853E26}.Debug|Any CPU.Build.0 = Debug|Any CPU
		{5DA86EAA-C320-4BB7-A3A1-BFFBD6853E26}.Release|Any CPU.ActiveCfg = Release|Any CPU
		{5DA86EAA-C320-4BB7-A3A1-BFFBD6853E26}.Release|Any CPU.Build.0 = Release|Any CPU
		{110F01D7-1FC9-4B44-9125-8D1769C33A1F}.Debug|Any CPU.ActiveCfg = Debug|Any CPU
		{110F01D7-1FC9-4B44-9125-8D1769C33A1F}.Debug|Any CPU.Build.0 = Debug|Any CPU
		{110F01D7-1FC9-4B44-9125-8D1769C33A1F}.Release|Any CPU.ActiveCfg = Release|Any CPU
		{110F01D7-1FC9-4B44-9125-8D1769C33A1F}.Release|Any CPU.Build.0 = Release|Any CPU
		{9AED0B2C-1052-4FFA-8644-FE9F236A3DF8}.Debug|Any CPU.ActiveCfg = Debug|Any CPU
		{9AED0B2C-1052-4FFA-8644-FE9F236A3DF8}.Debug|Any CPU.Build.0 = Debug|Any CPU
		{9AED0B2C-1052-4FFA-8644-FE9F236A3DF8}.Release|Any CPU.ActiveCfg = Release|Any CPU
		{9AED0B2C-1052-4FFA-8644-FE9F236A3DF8}.Release|Any CPU.Build.0 = Release|Any CPU
		{11DC80CA-57A6-481B-A668-AED1EA93092D}.Debug|Any CPU.ActiveCfg = Debug|Any CPU
		{11DC80CA-57A6-481B-A668-AED1EA93092D}.Debug|Any CPU.Build.0 = Debug|Any CPU
		{11DC80CA-57A6-481B-A668-AED1EA93092D}.Release|Any CPU.ActiveCfg = Release|Any CPU
		{11DC80CA-57A6-481B-A668-AED1EA93092D}.Release|Any CPU.Build.0 = Release|Any CPU
	EndGlobalSection
	GlobalSection(SolutionProperties) = preSolution
		HideSolutionNode = FALSE
	EndGlobalSection
	GlobalSection(ExtensibilityGlobals) = postSolution
		SolutionGuid = {7F4E46BD-3B41-407E-B6EF-981E99182D20}
	EndGlobalSection
EndGlobal
