
Microsoft Visual Studio Solution File, Format Version 12.00
# Visual Studio 14
VisualStudioVersion = 14.0.25420.1
MinimumVisualStudioVersion = 10.0.40219.1
Project("{F2A71F9B-5D33-465A-A702-920D77279786}") = "Blocks", "Blocks.fsproj", "{6F0BE45C-721F-49FB-BFDA-73EB7A6D07BA}"
EndProject
Project("{F2A71F9B-5D33-465A-A702-920D77279786}") = "DataProvider", "..\DataProvider\DataProvider.fsproj", "{7071E404-C087-45BF-8E7D-6DF3A1F9403D}"
EndProject
Project("{F2A71F9B-5D33-465A-A702-920D77279786}") = "Campaign", "..\Campaign\Campaign.fsproj", "{CDAFF307-1FCE-40E7-AE1E-FD4A813D1BCA}"
EndProject
Project("{FAE04EC0-301F-11D3-BF4B-00C04F79EFBC}") = "ploggy", "..\..\plog\ploggy\ploggy.csproj", "{C23498B3-892D-4F98-A8E4-00FBC6B97ED0}"
EndProject
Global
	GlobalSection(SolutionConfigurationPlatforms) = preSolution
		Debug|Any CPU = Debug|Any CPU
		Release|Any CPU = Release|Any CPU
	EndGlobalSection
	GlobalSection(ProjectConfigurationPlatforms) = postSolution
		{6F0BE45C-721F-49FB-BFDA-73EB7A6D07BA}.Debug|Any CPU.ActiveCfg = Debug|Any CPU
		{6F0BE45C-721F-49FB-BFDA-73EB7A6D07BA}.Debug|Any CPU.Build.0 = Debug|Any CPU
		{6F0BE45C-721F-49FB-BFDA-73EB7A6D07BA}.Release|Any CPU.ActiveCfg = Release|Any CPU
		{6F0BE45C-721F-49FB-BFDA-73EB7A6D07BA}.Release|Any CPU.Build.0 = Release|Any CPU
		{7071E404-C087-45BF-8E7D-6DF3A1F9403D}.Debug|Any CPU.ActiveCfg = Debug|Any CPU
		{7071E404-C087-45BF-8E7D-6DF3A1F9403D}.Release|Any CPU.ActiveCfg = Release|Any CPU
		{CDAFF307-1FCE-40E7-AE1E-FD4A813D1BCA}.Debug|Any CPU.ActiveCfg = Debug|Any CPU
		{CDAFF307-1FCE-40E7-AE1E-FD4A813D1BCA}.Debug|Any CPU.Build.0 = Debug|Any CPU
		{CDAFF307-1FCE-40E7-AE1E-FD4A813D1BCA}.Release|Any CPU.ActiveCfg = Release|Any CPU
		{CDAFF307-1FCE-40E7-AE1E-FD4A813D1BCA}.Release|Any CPU.Build.0 = Release|Any CPU
		{C23498B3-892D-4F98-A8E4-00FBC6B97ED0}.Debug|Any CPU.ActiveCfg = Debug|Any CPU
		{C23498B3-892D-4F98-A8E4-00FBC6B97ED0}.Debug|Any CPU.Build.0 = Debug|Any CPU
		{C23498B3-892D-4F98-A8E4-00FBC6B97ED0}.Release|Any CPU.ActiveCfg = Release|Any CPU
		{C23498B3-892D-4F98-A8E4-00FBC6B97ED0}.Release|Any CPU.Build.0 = Release|Any CPU
	EndGlobalSection
	GlobalSection(SolutionProperties) = preSolution
		HideSolutionNode = FALSE
	EndGlobalSection
EndGlobal
